<?xml version="1.0" encoding="utf-8"?>
<Project xmlns="http://schemas.microsoft.com/developer/msbuild/2003">
  <PropertyGroup>
    <ProjectGuid>{c36e0c16-febb-4131-8ad4-78caf9235a21}</ProjectGuid>
    <Configuration Condition=" '$(Configuration)' == '' ">Release</Configuration>
    <Platform Condition=" '$(Platform)' == '' ">AnyCPU</Platform>
    <DCC_DCCCompiler>DCC32</DCC_DCCCompiler>
    <DCC_DependencyCheckOutputName>..\..\..\Termpaper\install\binary\TVDatabase.exe</DCC_DependencyCheckOutputName>
    <MainSource>TVDatabase.dpr</MainSource>
  </PropertyGroup>
  <PropertyGroup Condition=" '$(Configuration)|$(Platform)' == 'Release|AnyCPU' ">
    <Version>7.0</Version>
    <DCC_DebugInformation>False</DCC_DebugInformation>
    <DCC_LocalDebugSymbols>False</DCC_LocalDebugSymbols>
    <DCC_SymbolReferenceInfo>0</DCC_SymbolReferenceInfo>
    <DCC_Define>RELEASE</DCC_Define>
    <DCC_ExeOutput>C:\Users\sbmaxx\Documents\Termpaper\install\binary</DCC_ExeOutput>
  </PropertyGroup>
  <PropertyGroup Condition=" '$(Configuration)|$(Platform)' == 'Debug|AnyCPU' ">
    <Version>7.0</Version>
    <DCC_Define>DEBUG</DCC_Define>
    <DCC_ExeOutput>C:\Users\sbmaxx\Documents\Termpaper\install\binary</DCC_ExeOutput>
  </PropertyGroup>
  <ProjectExtensions>
    <Borland.Personality>Delphi.Personality</Borland.Personality>
    <Borland.ProjectType />
    <BorlandProject>
<BorlandProject><Delphi.Personality><Parameters><Parameters Name="UseLauncher">False</Parameters><Parameters Name="LoadAllSymbols">True</Parameters><Parameters Name="LoadUnspecifiedSymbols">False</Parameters></Parameters><VersionInfo><VersionInfo Name="IncludeVerInfo">False</VersionInfo><VersionInfo Name="AutoIncBuild">False</VersionInfo><VersionInfo Name="MajorVer">2</VersionInfo><VersionInfo Name="MinorVer">1</VersionInfo><VersionInfo Name="Release">1</VersionInfo><VersionInfo Name="Build">1</VersionInfo><VersionInfo Name="Debug">False</VersionInfo><VersionInfo Name="PreRelease">False</VersionInfo><VersionInfo Name="Special">False</VersionInfo><VersionInfo Name="Private">False</VersionInfo><VersionInfo Name="DLL">False</VersionInfo><VersionInfo Name="Locale">1049</VersionInfo><VersionInfo Name="CodePage">1251</VersionInfo></VersionInfo><VersionInfoKeys><VersionInfoKeys Name="CompanyName">Роман sbmaxx Рождественский</VersionInfoKeys><VersionInfoKeys Name="FileDescription"></VersionInfoKeys><VersionInfoKeys Name="FileVersion">2.1.1.1</VersionInfoKeys><VersionInfoKeys Name="InternalName"></VersionInfoKeys><VersionInfoKeys Name="LegalCopyright"></VersionInfoKeys><VersionInfoKeys Name="LegalTrademarks"></VersionInfoKeys><VersionInfoKeys Name="OriginalFilename"></VersionInfoKeys><VersionInfoKeys Name="ProductName">TVDatabase</VersionInfoKeys><VersionInfoKeys Name="ProductVersion">1.0.0.0</VersionInfoKeys><VersionInfoKeys Name="Comments"></VersionInfoKeys></VersionInfoKeys><Source><Source Name="MainSource">TVDatabase.dpr</Source></Source><Excluded_Packages>
      
      
      
      
      
      
      
      
      
      
      
      
      
      
      
      
      
      
      
      
      
      
      
      
      
      
      
      
      
      
      
      
      
      
      
      
      
      
      
      
      
      
      
      
      
      
      
      
      
      
      
      
      
      
      <Excluded_Packages Name="$(BDS)\bin\dcloffice2k100.bpl">Microsoft Office 2000 Sample Automation Server Wrapper Components</Excluded_Packages>
      <Excluded_Packages Name="$(BDS)\bin\dclofficexp100.bpl">Microsoft Office XP Sample Automation Server Wrapper Components</Excluded_Packages>
    </Excluded_Packages></Delphi.Personality></BorlandProject></BorlandProject>
  </ProjectExtensions>
  <Import Project="$(MSBuildBinPath)\Borland.Delphi.Targets" />
  <ItemGroup>
    <DelphiCompile Include="TVDatabase.dpr">
      <MainSource>MainSource</MainSource>
    </DelphiCompile>
    <DCCReference Include="AboutForm.pas">
      <Form>FormAbout</Form>
    </DCCReference>
    <DCCReference Include="AuthenticationForm.pas">
      <Form>FormAuthentication</Form>
    </DCCReference>
    <DCCReference Include="ConnectionForm.pas">
      <Form>FormConnection</Form>
    </DCCReference>
    <DCCReference Include="DataModule.pas">
      <Form>DataModuleMain</Form>
      <DesignClass>TDataModule</DesignClass>
    </DCCReference>
    <DCCReference Include="DonationForm.pas">
      <Form>FormDonation</Form>
    </DCCReference>
    <DCCReference Include="IntfDocHostUIHandler.pas" />
    <DCCReference Include="LockForm.pas">
      <Form>FormLock</Form>
    </DCCReference>
    <DCCReference Include="MainForm.pas">
      <Form>FormMain</Form>
    </DCCReference>
    <DCCReference Include="ProgressBarForm.pas">
      <Form>FormProgressBar</Form>
    </DCCReference>
    <DCCReference Include="Report.pas" />
    <DCCReference Include="ReportSeriesForm.pas">
      <Form>FormReportSeries</Form>
    </DCCReference>
    <DCCReference Include="ScheduleDetailExtremeForm.pas">
      <Form>FormScheduleDetailExtreme</Form>
    </DCCReference>
    <DCCReference Include="ThanksForm.pas">
      <Form>FormThanks</Form>
    </DCCReference>
    <DCCReference Include="UContainer.pas" />
    <DCCReference Include="UNulContainer.pas" />
    <DCCReference Include="UserProfile.pas">
      <Form>FormUserProfile</Form>
    </DCCReference>
    <DCCReference Include="Utils.pas" />
  </ItemGroup>
</Project>